
Microsoft Visual Studio Solution File, Format Version 12.00
# Visual Studio Version 17
VisualStudioVersion = 17.1.32319.34
MinimumVisualStudioVersion = 10.0.40219.1
Project("{9A19103F-16F7-4668-BE54-9A1E7A4F7556}") = "Criptoanalisis", "Criptoanalisis\Criptoanalisis.csproj", "{DAC21E1A-97C4-469B-B160-59A5EC67DBAF}"
EndProject
Project("{9A19103F-16F7-4668-BE54-9A1E7A4F7556}") = "Testing", "Testing\Testing.csproj", "{127D938A-525A-46D5-ADB0-E10BE1CE89AF}"
EndProject
Project("{FAE04EC0-301F-11D3-BF4B-00C04F79EFBC}") = "CriptoanalisisFront", "CriptoanalisisFront\CriptoanalisisFront.csproj", "{762E0437-4518-4F79-BB58-23CE6238AA3D}"
EndProject
Global
	GlobalSection(SolutionConfigurationPlatforms) = preSolution
		Debug|Any CPU = Debug|Any CPU
		Release|Any CPU = Release|Any CPU
	EndGlobalSection
	GlobalSection(ProjectConfigurationPlatforms) = postSolution
		{DAC21E1A-97C4-469B-B160-59A5EC67DBAF}.Debug|Any CPU.ActiveCfg = Debug|Any CPU
		{DAC21E1A-97C4-469B-B160-59A5EC67DBAF}.Debug|Any CPU.Build.0 = Debug|Any CPU
		{DAC21E1A-97C4-469B-B160-59A5EC67DBAF}.Release|Any CPU.ActiveCfg = Release|Any CPU
		{DAC21E1A-97C4-469B-B160-59A5EC67DBAF}.Release|Any CPU.Build.0 = Release|Any CPU
		{127D938A-525A-46D5-ADB0-E10BE1CE89AF}.Debug|Any CPU.ActiveCfg = Debug|Any CPU
		{127D938A-525A-46D5-ADB0-E10BE1CE89AF}.Debug|Any CPU.Build.0 = Debug|Any CPU
		{127D938A-525A-46D5-ADB0-E10BE1CE89AF}.Release|Any CPU.ActiveCfg = Release|Any CPU
		{127D938A-525A-46D5-ADB0-E10BE1CE89AF}.Release|Any CPU.Build.0 = Release|Any CPU
		{762E0437-4518-4F79-BB58-23CE6238AA3D}.Debug|Any CPU.ActiveCfg = Debug|Any CPU
		{762E0437-4518-4F79-BB58-23CE6238AA3D}.Debug|Any CPU.Build.0 = Debug|Any CPU
		{762E0437-4518-4F79-BB58-23CE6238AA3D}.Release|Any CPU.ActiveCfg = Release|Any CPU
		{762E0437-4518-4F79-BB58-23CE6238AA3D}.Release|Any CPU.Build.0 = Release|Any CPU
	EndGlobalSection
	GlobalSection(SolutionProperties) = preSolution
		HideSolutionNode = FALSE
	EndGlobalSection
	GlobalSection(ExtensibilityGlobals) = postSolution
		SolutionGuid = {A66C43EC-042D-47DC-9AED-3408662DF6C4}
	EndGlobalSection
EndGlobal
